
Microsoft Visual Studio Solution File, Format Version 12.00
# Visual Studio Version 17
VisualStudioVersion = 17.5.002.0
MinimumVisualStudioVersion = 10.0.40219.1
Project("{9A19103F-16F7-4668-BE54-9A1E7A4F7556}") = "keyboard-auto-switcher", "keyboard-auto-switcher.csproj", "{046596E0-7CB2-49B4-AAA4-349EC053DE91}"
EndProject
Global
	GlobalSection(SolutionConfigurationPlatforms) = preSolution
		Debug|Any CPU = Debug|Any CPU
		Release|Any CPU = Release|Any CPU
	EndGlobalSection
	GlobalSection(ProjectConfigurationPlatforms) = postSolution
		{046596E0-7CB2-49B4-AAA4-349EC053DE91}.Debug|Any CPU.ActiveCfg = Debug|Any CPU
		{046596E0-7CB2-49B4-AAA4-349EC053DE91}.Debug|Any CPU.Build.0 = Debug|Any CPU
		{046596E0-7CB2-49B4-AAA4-349EC053DE91}.Release|Any CPU.ActiveCfg = Release|Any CPU
		{046596E0-7CB2-49B4-AAA4-349EC053DE91}.Release|Any CPU.Build.0 = Release|Any CPU
	EndGlobalSection
	GlobalSection(SolutionProperties) = preSolution
		HideSolutionNode = FALSE
	EndGlobalSection
	GlobalSection(ExtensibilityGlobals) = postSolution
		SolutionGuid = {D5854F96-C64D-4670-A8C2-6838ACB462C5}
	EndGlobalSection
EndGlobal
